
Microsoft Visual Studio Solution File, Format Version 12.00
# Visual Studio Version 17
VisualStudioVersion = 17.3.32901.215
MinimumVisualStudioVersion = 10.0.40219.1
Project("{9A19103F-16F7-4668-BE54-9A1E7A4F7556}") = "Azure_Functions", "Azure_Functions.csproj", "{767D88E6-6D39-4065-9FF0-DC5F480D6D49}"
EndProject
Global
	GlobalSection(SolutionConfigurationPlatforms) = preSolution
		Debug|Any CPU = Debug|Any CPU
		Release|Any CPU = Release|Any CPU
	EndGlobalSection
	GlobalSection(ProjectConfigurationPlatforms) = postSolution
		{767D88E6-6D39-4065-9FF0-DC5F480D6D49}.Debug|Any CPU.ActiveCfg = Debug|Any CPU
		{767D88E6-6D39-4065-9FF0-DC5F480D6D49}.Debug|Any CPU.Build.0 = Debug|Any CPU
		{767D88E6-6D39-4065-9FF0-DC5F480D6D49}.Release|Any CPU.ActiveCfg = Release|Any CPU
		{767D88E6-6D39-4065-9FF0-DC5F480D6D49}.Release|Any CPU.Build.0 = Release|Any CPU
	EndGlobalSection
	GlobalSection(SolutionProperties) = preSolution
		HideSolutionNode = FALSE
	EndGlobalSection
	GlobalSection(ExtensibilityGlobals) = postSolution
		SolutionGuid = {ACF0ED57-7C40-46E2-BA9F-A063F6DB61D4}
	EndGlobalSection
EndGlobal
